
Microsoft Visual Studio Solution File, Format Version 12.00
# Visual Studio Version 17
VisualStudioVersion = 17.1.32210.238
MinimumVisualStudioVersion = 15.0.26124.0
Project("{9A19103F-16F7-4668-BE54-9A1E7A4F7556}") = "Api", "Api\Api.csproj", "{5DA0994D-42F7-4389-B97E-940F78EA0E62}"
EndProject
Project("{9A19103F-16F7-4668-BE54-9A1E7A4F7556}") = "Data", "Data\Data.csproj", "{EE45B0F8-49AA-4F8C-BF40-8D4D57670B2E}"
EndProject
Project("{9A19103F-16F7-4668-BE54-9A1E7A4F7556}") = "Core", "Core\Core.csproj", "{4F389223-28D6-4F8A-B620-F0FF9878F5B7}"
EndProject
Project("{2150E333-8FDC-42A3-9474-1A3956D46DE8}") = "doc", "doc", "{C797C82A-955A-48F8-861D-8FD36A802BD4}"
	ProjectSection(SolutionItems) = preProject
		doc\commands.md = doc\commands.md
	EndProjectSection
EndProject
Project("{9A19103F-16F7-4668-BE54-9A1E7A4F7556}") = "PeopleAdminTest", "PeopleAdminTest\PeopleAdminTest.csproj", "{6CE5F53F-B943-4CA3-B62A-B1492B66F7CD}"
EndProject
Global
	GlobalSection(SolutionConfigurationPlatforms) = preSolution
		Debug|Any CPU = Debug|Any CPU
		Debug|x64 = Debug|x64
		Debug|x86 = Debug|x86
		Release|Any CPU = Release|Any CPU
		Release|x64 = Release|x64
		Release|x86 = Release|x86
	EndGlobalSection
	GlobalSection(ProjectConfigurationPlatforms) = postSolution
		{5DA0994D-42F7-4389-B97E-940F78EA0E62}.Debug|Any CPU.ActiveCfg = Debug|Any CPU
		{5DA0994D-42F7-4389-B97E-940F78EA0E62}.Debug|Any CPU.Build.0 = Debug|Any CPU
		{5DA0994D-42F7-4389-B97E-940F78EA0E62}.Debug|x64.ActiveCfg = Debug|Any CPU
		{5DA0994D-42F7-4389-B97E-940F78EA0E62}.Debug|x64.Build.0 = Debug|Any CPU
		{5DA0994D-42F7-4389-B97E-940F78EA0E62}.Debug|x86.ActiveCfg = Debug|Any CPU
		{5DA0994D-42F7-4389-B97E-940F78EA0E62}.Debug|x86.Build.0 = Debug|Any CPU
		{5DA0994D-42F7-4389-B97E-940F78EA0E62}.Release|Any CPU.ActiveCfg = Release|Any CPU
		{5DA0994D-42F7-4389-B97E-940F78EA0E62}.Release|Any CPU.Build.0 = Release|Any CPU
		{5DA0994D-42F7-4389-B97E-940F78EA0E62}.Release|x64.ActiveCfg = Release|Any CPU
		{5DA0994D-42F7-4389-B97E-940F78EA0E62}.Release|x64.Build.0 = Release|Any CPU
		{5DA0994D-42F7-4389-B97E-940F78EA0E62}.Release|x86.ActiveCfg = Release|Any CPU
		{5DA0994D-42F7-4389-B97E-940F78EA0E62}.Release|x86.Build.0 = Release|Any CPU
		{EE45B0F8-49AA-4F8C-BF40-8D4D57670B2E}.Debug|Any CPU.ActiveCfg = Debug|Any CPU
		{EE45B0F8-49AA-4F8C-BF40-8D4D57670B2E}.Debug|Any CPU.Build.0 = Debug|Any CPU
		{EE45B0F8-49AA-4F8C-BF40-8D4D57670B2E}.Debug|x64.ActiveCfg = Debug|Any CPU
		{EE45B0F8-49AA-4F8C-BF40-8D4D57670B2E}.Debug|x64.Build.0 = Debug|Any CPU
		{EE45B0F8-49AA-4F8C-BF40-8D4D57670B2E}.Debug|x86.ActiveCfg = Debug|Any CPU
		{EE45B0F8-49AA-4F8C-BF40-8D4D57670B2E}.Debug|x86.Build.0 = Debug|Any CPU
		{EE45B0F8-49AA-4F8C-BF40-8D4D57670B2E}.Release|Any CPU.ActiveCfg = Release|Any CPU
		{EE45B0F8-49AA-4F8C-BF40-8D4D57670B2E}.Release|Any CPU.Build.0 = Release|Any CPU
		{EE45B0F8-49AA-4F8C-BF40-8D4D57670B2E}.Release|x64.ActiveCfg = Release|Any CPU
		{EE45B0F8-49AA-4F8C-BF40-8D4D57670B2E}.Release|x64.Build.0 = Release|Any CPU
		{EE45B0F8-49AA-4F8C-BF40-8D4D57670B2E}.Release|x86.ActiveCfg = Release|Any CPU
		{EE45B0F8-49AA-4F8C-BF40-8D4D57670B2E}.Release|x86.Build.0 = Release|Any CPU
		{4F389223-28D6-4F8A-B620-F0FF9878F5B7}.Debug|Any CPU.ActiveCfg = Debug|Any CPU
		{4F389223-28D6-4F8A-B620-F0FF9878F5B7}.Debug|Any CPU.Build.0 = Debug|Any CPU
		{4F389223-28D6-4F8A-B620-F0FF9878F5B7}.Debug|x64.ActiveCfg = Debug|Any CPU
		{4F389223-28D6-4F8A-B620-F0FF9878F5B7}.Debug|x64.Build.0 = Debug|Any CPU
		{4F389223-28D6-4F8A-B620-F0FF9878F5B7}.Debug|x86.ActiveCfg = Debug|Any CPU
		{4F389223-28D6-4F8A-B620-F0FF9878F5B7}.Debug|x86.Build.0 = Debug|Any CPU
		{4F389223-28D6-4F8A-B620-F0FF9878F5B7}.Release|Any CPU.ActiveCfg = Release|Any CPU
		{4F389223-28D6-4F8A-B620-F0FF9878F5B7}.Release|Any CPU.Build.0 = Release|Any CPU
		{4F389223-28D6-4F8A-B620-F0FF9878F5B7}.Release|x64.ActiveCfg = Release|Any CPU
		{4F389223-28D6-4F8A-B620-F0FF9878F5B7}.Release|x64.Build.0 = Release|Any CPU
		{4F389223-28D6-4F8A-B620-F0FF9878F5B7}.Release|x86.ActiveCfg = Release|Any CPU
		{4F389223-28D6-4F8A-B620-F0FF9878F5B7}.Release|x86.Build.0 = Release|Any CPU
		{6CE5F53F-B943-4CA3-B62A-B1492B66F7CD}.Debug|Any CPU.ActiveCfg = Debug|Any CPU
		{6CE5F53F-B943-4CA3-B62A-B1492B66F7CD}.Debug|Any CPU.Build.0 = Debug|Any CPU
		{6CE5F53F-B943-4CA3-B62A-B1492B66F7CD}.Debug|x64.ActiveCfg = Debug|Any CPU
		{6CE5F53F-B943-4CA3-B62A-B1492B66F7CD}.Debug|x64.Build.0 = Debug|Any CPU
		{6CE5F53F-B943-4CA3-B62A-B1492B66F7CD}.Debug|x86.ActiveCfg = Debug|Any CPU
		{6CE5F53F-B943-4CA3-B62A-B1492B66F7CD}.Debug|x86.Build.0 = Debug|Any CPU
		{6CE5F53F-B943-4CA3-B62A-B1492B66F7CD}.Release|Any CPU.ActiveCfg = Release|Any CPU
		{6CE5F53F-B943-4CA3-B62A-B1492B66F7CD}.Release|Any CPU.Build.0 = Release|Any CPU
		{6CE5F53F-B943-4CA3-B62A-B1492B66F7CD}.Release|x64.ActiveCfg = Release|Any CPU
		{6CE5F53F-B943-4CA3-B62A-B1492B66F7CD}.Release|x64.Build.0 = Release|Any CPU
		{6CE5F53F-B943-4CA3-B62A-B1492B66F7CD}.Release|x86.ActiveCfg = Release|Any CPU
		{6CE5F53F-B943-4CA3-B62A-B1492B66F7CD}.Release|x86.Build.0 = Release|Any CPU
	EndGlobalSection
	GlobalSection(SolutionProperties) = preSolution
		HideSolutionNode = FALSE
	EndGlobalSection
	GlobalSection(ExtensibilityGlobals) = postSolution
		SolutionGuid = {2A36CE13-B899-493B-AF67-EE11BFD758D3}
	EndGlobalSection
EndGlobal
